<?xml version="1.0" encoding="utf-8"?>
<Project ToolsVersion="4.0" xmlns="http://schemas.microsoft.com/developer/msbuild/2003">
  <ItemGroup>
    <Filter Include="Source Files">
      <UniqueIdentifier>{4FC737F1-C7A5-4376-A066-2A32D752A2FF}</UniqueIdentifier>
      <Extensions>cpp;c;cc;cxx;def;odl;idl;hpj;bat;asm;asmx</Extensions>
    </Filter>
    <Filter Include="Header Files">
      <UniqueIdentifier>{93995380-89BD-4b04-88EB-625FBE52EBFB}</UniqueIdentifier>
      <Extensions>h;hh;hpp;hxx;hm;inl;inc;xsd</Extensions>
    </Filter>
    <Filter Include="Resource Files">
      <UniqueIdentifier>{D9D6E242-F8AF-46E4-B9FD-80ECBC20BA3E}</UniqueIdentifier>
      <Extensions>qrc;*</Extensions>
      <ParseFiles>false</ParseFiles>
    </Filter>
    <Filter Include="Form Files">
      <UniqueIdentifier>{99349809-55BA-4b9d-BF79-8FDBB0286EB3}</UniqueIdentifier>
      <Extensions>ui</Extensions>
    </Filter>
    <Filter Include="Resource Files">
      <UniqueIdentifier>{D9D6E242-F8AF-46E4-B9FD-80ECBC20BA3E}</UniqueIdentifier>
      <Extensions>qrc;*</Extensions>
      <ParseFiles>false</ParseFiles>
    </Filter>
    <Filter Include="Generated Files">
      <UniqueIdentifier>{71ED8ED8-ACB9-4CE9-BBE1-E00B30144E11}</UniqueIdentifier>
      <Extensions>moc;h;cpp</Extensions>
      <SourceControlFiles>False</SourceControlFiles>
    </Filter>
    <Filter Include="Source Files\controller">
      <UniqueIdentifier>{4ee5eb15-49e8-4f31-8612-ca96df0cd3f0}</UniqueIdentifier>
    </Filter>
    <Filter Include="Source Files\ui">
      <UniqueIdentifier>{5fe14a33-56e2-4bfd-b449-488b5faa5348}</UniqueIdentifier>
    </Filter>
    <Filter Include="Source Files\structure">
      <UniqueIdentifier>{bce1aec8-ae4c-4b34-a713-c9d6ef341617}</UniqueIdentifier>
    </Filter>
    <Filter Include="Source Files\table">
      <UniqueIdentifier>{bd72a61c-01ff-4297-a07e-c0956f63fbe6}</UniqueIdentifier>
    </Filter>
    <Filter Include="Header Files\controller">
      <UniqueIdentifier>{8a19950e-948c-40b5-b6cb-d88c1c5c9151}</UniqueIdentifier>
    </Filter>
    <Filter Include="Header Files\structure">
      <UniqueIdentifier>{bb1e5823-cefe-4b20-8c0e-ffe7065d3b25}</UniqueIdentifier>
    </Filter>
    <Filter Include="Header Files\ui">
      <UniqueIdentifier>{da73528c-7c93-432d-ab7b-7fe026c0d32a}</UniqueIdentifier>
    </Filter>
    <Filter Include="Header Files\table">
      <UniqueIdentifier>{d02ee5da-0340-4a2a-8cd5-225745a38ac7}</UniqueIdentifier>
    </Filter>
  </ItemGroup>
  <ItemGroup>
    <ClCompile Include="main.cpp">
      <Filter>Source Files</Filter>
    </ClCompile>
    <ClCompile Include="CTPMdApi.cpp">
      <Filter>Source Files</Filter>
    </ClCompile>
    <ClCompile Include="CTPMdSpi.cpp">
      <Filter>Source Files</Filter>
    </ClCompile>
    <ClCompile Include="CTPTdApi.cpp">
      <Filter>Source Files</Filter>
    </ClCompile>
    <ClCompile Include="CTPTdSpi.cpp">
      <Filter>Source Files</Filter>
    </ClCompile>
    <ClCompile Include="GVAR.cpp">
      <Filter>Source Files</Filter>
    </ClCompile>
    <ClCompile Include="initialize.cpp">
      <Filter>Source Files</Filter>
    </ClCompile>
    <ClCompile Include="Receiver.cpp">
      <Filter>Source Files</Filter>
    </ClCompile>
    <ClCompile Include="Trader.cpp">
      <Filter>Source Files</Filter>
    </ClCompile>
    <ClCompile Include="ConnectController.cpp">
      <Filter>Source Files\controller</Filter>
    </ClCompile>
    <ClCompile Include="SubscribeController.cpp">
      <Filter>Source Files\controller</Filter>
    </ClCompile>
    <ClCompile Include="QueryController.cpp">
      <Filter>Source Files\controller</Filter>
    </ClCompile>
    <ClCompile Include="TradeController.cpp">
      <Filter>Source Files\controller</Filter>
    </ClCompile>
    <ClCompile Include="Account.cpp">
      <Filter>Source Files\structure</Filter>
    </ClCompile>
    <ClCompile Include="ClickableLabel.cpp">
      <Filter>Source Files\ui</Filter>
    </ClCompile>
    <ClCompile Include="ConfirmDialog.cpp">
      <Filter>Source Files\ui</Filter>
    </ClCompile>
    <ClCompile Include="AccountTable.cpp">
      <Filter>Source Files\table</Filter>
    </ClCompile>
    <ClCompile Include="InsTable.cpp">
      <Filter>Source Files\table</Filter>
    </ClCompile>
    <ClCompile Include="ItemDelegate.cpp">
      <Filter>Source Files\ui</Filter>
    </ClCompile>
    <ClCompile Include="LoginDialog.cpp">
      <Filter>Source Files\ui</Filter>
    </ClCompile>
    <ClCompile Include="MainWindow.cpp">
      <Filter>Source Files\ui</Filter>
    </ClCompile>
    <ClCompile Include="Order.cpp">
      <Filter>Source Files\structure</Filter>
    </ClCompile>
    <ClCompile Include="InstruParameter.cpp">
      <Filter>Source Files\structure</Filter>
    </ClCompile>
    <ClCompile Include="OrderParameter.cpp">
      <Filter>Source Files\structure</Filter>
    </ClCompile>
    <ClCompile Include="OrderTable.cpp">
      <Filter>Source Files\table</Filter>
    </ClCompile>
    <ClCompile Include="Positions.cpp">
      <Filter>Source Files\structure</Filter>
    </ClCompile>
    <ClCompile Include="PositionTable.cpp">
      <Filter>Source Files\table</Filter>
    </ClCompile>
    <ClCompile Include="SettingDialog.cpp">
      <Filter>Source Files\ui</Filter>
    </ClCompile>
    <ClCompile Include="SubscribeTable.cpp">
      <Filter>Source Files\table</Filter>
    </ClCompile>
    <ClCompile Include="TitleBar.cpp">
      <Filter>Source Files\ui</Filter>
    </ClCompile>
    <ClCompile Include="Trade.cpp">
      <Filter>Source Files\structure</Filter>
    </ClCompile>
    <ClCompile Include="TradeTable.cpp">
      <Filter>Source Files\table</Filter>
    </ClCompile>
    <ClCompile Include="Instrument.cpp">
      <Filter>Source Files\structure</Filter>
    </ClCompile>
    <ClCompile Include="LoginParameter.cpp">
      <Filter>Source Files\structure</Filter>
    </ClCompile>
    <ClCompile Include="SumTable.cpp">
      <Filter>Source Files\table</Filter>
    </ClCompile>
    <ClCompile Include="StopOrderTable.cpp">
      <Filter>Source Files\table</Filter>
    </ClCompile>
    <ClCompile Include="MyQDoubleSpinBox.cpp">
      <Filter>Source Files\ui</Filter>
    </ClCompile>
  </ItemGroup>
  <ItemGroup>
    <QtUic Include="AceTrader.ui">
      <Filter>Form Files</Filter>
    </QtUic>
  </ItemGroup>
  <ItemGroup>
    <QtRcc Include="AceTrader.qrc">
      <Filter>Resource Files</Filter>
    </QtRcc>
  </ItemGroup>
  <ItemGroup>
    <ClInclude Include="GVAR.h">
      <Filter>Header Files</Filter>
    </ClInclude>
    <ClInclude Include="initialize.h">
      <Filter>Header Files</Filter>
    </ClInclude>
    <ClInclude Include="Account.h">
      <Filter>Header Files\structure</Filter>
    </ClInclude>
    <ClInclude Include="Instrument.h">
      <Filter>Header Files\structure</Filter>
    </ClInclude>
    <ClInclude Include="InstruParameter.h">
      <Filter>Header Files\structure</Filter>
    </ClInclude>
    <ClInclude Include="Order.h">
      <Filter>Header Files\structure</Filter>
    </ClInclude>
    <ClInclude Include="OrderParameter.h">
      <Filter>Header Files\structure</Filter>
    </ClInclude>
    <ClInclude Include="Positions.h">
      <Filter>Header Files\structure</Filter>
    </ClInclude>
    <ClInclude Include="Trade.h">
      <Filter>Header Files\structure</Filter>
    </ClInclude>
    <ClInclude Include="resource.h">
      <Filter>Header Files</Filter>
    </ClInclude>
    <ClInclude Include="LoginParameter.h">
      <Filter>Header Files\structure</Filter>
    </ClInclude>
  </ItemGroup>
  <ItemGroup>
    <QtMoc Include="CTPMdApi.h">
      <Filter>Header Files</Filter>
    </QtMoc>
    <QtMoc Include="CTPMdSpi.h">
      <Filter>Header Files</Filter>
    </QtMoc>
    <QtMoc Include="CTPTdApi.h">
      <Filter>Header Files</Filter>
    </QtMoc>
    <QtMoc Include="CTPTdSpi.h">
      <Filter>Header Files</Filter>
    </QtMoc>
    <QtMoc Include="Receiver.h">
      <Filter>Header Files</Filter>
    </QtMoc>
    <QtMoc Include="Trader.h">
      <Filter>Header Files</Filter>
    </QtMoc>
    <QtMoc Include="ConnectController.h">
      <Filter>Header Files\controller</Filter>
    </QtMoc>
    <QtMoc Include="QueryController.h">
      <Filter>Header Files\controller</Filter>
    </QtMoc>
    <QtMoc Include="TradeController.h">
      <Filter>Header Files\controller</Filter>
    </QtMoc>
    <QtMoc Include="SubscribeController.h">
      <Filter>Header Files\controller</Filter>
    </QtMoc>
    <QtMoc Include="AccountTable.h">
      <Filter>Header Files\table</Filter>
    </QtMoc>
    <QtMoc Include="ClickableLabel.h">
      <Filter>Header Files\ui</Filter>
    </QtMoc>
    <QtMoc Include="ConfirmDialog.h">
      <Filter>Header Files\ui</Filter>
    </QtMoc>
    <QtMoc Include="InsTable.h">
      <Filter>Header Files\table</Filter>
    </QtMoc>
    <QtMoc Include="ItemDelegate.h">
      <Filter>Header Files\ui</Filter>
    </QtMoc>
    <QtMoc Include="LoginDialog.h">
      <Filter>Header Files\ui</Filter>
    </QtMoc>
    <QtMoc Include="MainWindow.h">
      <Filter>Header Files\ui</Filter>
    </QtMoc>
    <QtMoc Include="MyQDoubleSpinBox.h">
      <Filter>Header Files\ui</Filter>
    </QtMoc>
    <QtMoc Include="OrderTable.h">
      <Filter>Header Files\table</Filter>
    </QtMoc>
    <QtMoc Include="PositionTable.h">
      <Filter>Header Files\table</Filter>
    </QtMoc>
    <QtMoc Include="SettingDialog.h">
      <Filter>Header Files\structure</Filter>
    </QtMoc>
    <QtMoc Include="SubscribeTable.h">
      <Filter>Header Files\table</Filter>
    </QtMoc>
    <QtMoc Include="TitleBar.h">
      <Filter>Header Files\ui</Filter>
    </QtMoc>
    <QtMoc Include="TradeTable.h">
      <Filter>Header Files\table</Filter>
    </QtMoc>
    <QtMoc Include="SumTable.h">
      <Filter>Header Files\table</Filter>
    </QtMoc>
    <QtMoc Include="StopOrderTable.h">
      <Filter>Header Files\table</Filter>
    </QtMoc>
  </ItemGroup>
  <ItemGroup>
    <ResourceCompile Include="AceTrader.rc" />
  </ItemGroup>
  <ItemGroup>
    <Image Include="ico\coin.ico" />
  </ItemGroup>
</Project>